// !$*UTF8*$!
{
	archiveVersion = 1;
	classes = {
	};
	objectVersion = 46;
	objects = {

/* Begin PBXBuildFile section */
		15B54FA721417C7000A99A88 /* GMSPanoramaView.h in Headers */ = {isa = PBXBuildFile; fileRef = 15B54F7F21417C7000A99A88 /* GMSPanoramaView.h */; settings = {ATTRIBUTES = (Public, ); }; };
		15B54FA821417C7000A99A88 /* GMSIndoorBuilding.h in Headers */ = {isa = PBXBuildFile; fileRef = 15B54F8021417C7000A99A88 /* GMSIndoorBuilding.h */; settings = {ATTRIBUTES = (Public, ); }; };
		15B54FA921417C7000A99A88 /* GMSMarker.h in Headers */ = {isa = PBXBuildFile; fileRef = 15B54F8121417C7000A99A88 /* GMSMarker.h */; settings = {ATTRIBUTES = (Public, ); }; };
		15B54FAA21417C7000A99A88 /* GMSMapView.h in Headers */ = {isa = PBXBuildFile; fileRef = 15B54F8221417C7000A99A88 /* GMSMapView.h */; settings = {ATTRIBUTES = (Public, ); }; };
		15B54FAB21417C7000A99A88 /* GMSServices.h in Headers */ = {isa = PBXBuildFile; fileRef = 15B54F8321417C7000A99A88 /* GMSServices.h */; settings = {ATTRIBUTES = (Public, ); }; };
		15B54FAC21417C7000A99A88 /* GMSIndoorDisplay.h in Headers */ = {isa = PBXBuildFile; fileRef = 15B54F8421417C7000A99A88 /* GMSIndoorDisplay.h */; settings = {ATTRIBUTES = (Public, ); }; };
		15B54FAD21417C7000A99A88 /* GMSMarkerLayer.h in Headers */ = {isa = PBXBuildFile; fileRef = 15B54F8521417C7000A99A88 /* GMSMarkerLayer.h */; settings = {ATTRIBUTES = (Public, ); }; };
		15B54FAE21417C7000A99A88 /* GMSOverlayLayer.h in Headers */ = {isa = PBXBuildFile; fileRef = 15B54F8621417C7000A99A88 /* GMSOverlayLayer.h */; settings = {ATTRIBUTES = (Public, ); }; };
		15B54FAF21417C7000A99A88 /* GMSCameraUpdate.h in Headers */ = {isa = PBXBuildFile; fileRef = 15B54F8721417C7000A99A88 /* GMSCameraUpdate.h */; settings = {ATTRIBUTES = (Public, ); }; };
		15B54FB021417C7000A99A88 /* GMSMapLayer.h in Headers */ = {isa = PBXBuildFile; fileRef = 15B54F8821417C7000A99A88 /* GMSMapLayer.h */; settings = {ATTRIBUTES = (Public, ); }; };
		15B54FB121417C7000A99A88 /* GMSPolyline.h in Headers */ = {isa = PBXBuildFile; fileRef = 15B54F8921417C7000A99A88 /* GMSPolyline.h */; settings = {ATTRIBUTES = (Public, ); }; };
		15B54FB221417C7000A99A88 /* GMSMapView+Animation.h in Headers */ = {isa = PBXBuildFile; fileRef = 15B54F8A21417C7000A99A88 /* GMSMapView+Animation.h */; settings = {ATTRIBUTES = (Public, ); }; };
		15B54FB321417C7000A99A88 /* GMSOrientation.h in Headers */ = {isa = PBXBuildFile; fileRef = 15B54F8B21417C7000A99A88 /* GMSOrientation.h */; settings = {ATTRIBUTES = (Public, ); }; };
		15B54FB421417C7000A99A88 /* GMSPanoramaService.h in Headers */ = {isa = PBXBuildFile; fileRef = 15B54F8C21417C7000A99A88 /* GMSPanoramaService.h */; settings = {ATTRIBUTES = (Public, ); }; };
		15B54FB521417C7000A99A88 /* GMSMapStyle.h in Headers */ = {isa = PBXBuildFile; fileRef = 15B54F8D21417C7000A99A88 /* GMSMapStyle.h */; settings = {ATTRIBUTES = (Public, ); }; };
		15B54FB621417C7000A99A88 /* GMSMutablePath.h in Headers */ = {isa = PBXBuildFile; fileRef = 15B54F8E21417C7000A99A88 /* GMSMutablePath.h */; settings = {ATTRIBUTES = (Public, ); }; };
		15B54FB721417C7000A99A88 /* GMSPanorama.h in Headers */ = {isa = PBXBuildFile; fileRef = 15B54F8F21417C7000A99A88 /* GMSPanorama.h */; settings = {ATTRIBUTES = (Public, ); }; };
		15B54FB821417C7000A99A88 /* GMSIndoorLevel.h in Headers */ = {isa = PBXBuildFile; fileRef = 15B54F9021417C7000A99A88 /* GMSIndoorLevel.h */; settings = {ATTRIBUTES = (Public, ); }; };
		15B54FB921417C7000A99A88 /* GMSCircle.h in Headers */ = {isa = PBXBuildFile; fileRef = 15B54F9121417C7000A99A88 /* GMSCircle.h */; settings = {ATTRIBUTES = (Public, ); }; };
		15B54FBA21417C7000A99A88 /* GMSCoordinateBounds+GoogleMaps.h in Headers */ = {isa = PBXBuildFile; fileRef = 15B54F9221417C7000A99A88 /* GMSCoordinateBounds+GoogleMaps.h */; settings = {ATTRIBUTES = (Public, ); }; };
		15B54FBB21417C7000A99A88 /* GMSPanoramaSource.h in Headers */ = {isa = PBXBuildFile; fileRef = 15B54F9321417C7000A99A88 /* GMSPanoramaSource.h */; settings = {ATTRIBUTES = (Public, ); }; };
		15B54FBC21417C7000A99A88 /* GMSTileLayer.h in Headers */ = {isa = PBXBuildFile; fileRef = 15B54F9421417C7000A99A88 /* GMSTileLayer.h */; settings = {ATTRIBUTES = (Public, ); }; };
		15B54FBD21417C7000A99A88 /* GMSPanoramaCameraUpdate.h in Headers */ = {isa = PBXBuildFile; fileRef = 15B54F9521417C7000A99A88 /* GMSPanoramaCameraUpdate.h */; settings = {ATTRIBUTES = (Public, ); }; };
		15B54FBE21417C7000A99A88 /* GMSPanoramaCamera.h in Headers */ = {isa = PBXBuildFile; fileRef = 15B54F9621417C7000A99A88 /* GMSPanoramaCamera.h */; settings = {ATTRIBUTES = (Public, ); }; };
		15B54FBF21417C7000A99A88 /* GMSCameraPosition.h in Headers */ = {isa = PBXBuildFile; fileRef = 15B54F9721417C7000A99A88 /* GMSCameraPosition.h */; settings = {ATTRIBUTES = (Public, ); }; };
		15B54FC021417C7000A99A88 /* GMSAddress.h in Headers */ = {isa = PBXBuildFile; fileRef = 15B54F9821417C7000A99A88 /* GMSAddress.h */; settings = {ATTRIBUTES = (Public, ); }; };
		15B54FC121417C7000A99A88 /* GoogleMaps.h in Headers */ = {isa = PBXBuildFile; fileRef = 15B54F9921417C7000A99A88 /* GoogleMaps.h */; settings = {ATTRIBUTES = (Public, ); }; };
		15B54FC221417C7000A99A88 /* GMSOverlay.h in Headers */ = {isa = PBXBuildFile; fileRef = 15B54F9A21417C7000A99A88 /* GMSOverlay.h */; settings = {ATTRIBUTES = (Public, ); }; };
		15B54FC321417C7000A99A88 /* GMSSyncTileLayer.h in Headers */ = {isa = PBXBuildFile; fileRef = 15B54F9B21417C7000A99A88 /* GMSSyncTileLayer.h */; settings = {ATTRIBUTES = (Public, ); }; };
		15B54FC421417C7000A99A88 /* GMSGeometryUtils.h in Headers */ = {isa = PBXBuildFile; fileRef = 15B54F9C21417C7000A99A88 /* GMSGeometryUtils.h */; settings = {ATTRIBUTES = (Public, ); }; };
		15B54FC521417C7000A99A88 /* GMSPath.h in Headers */ = {isa = PBXBuildFile; fileRef = 15B54F9D21417C7000A99A88 /* GMSPath.h */; settings = {ATTRIBUTES = (Public, ); }; };
		15B54FC621417C7000A99A88 /* GMSURLTileLayer.h in Headers */ = {isa = PBXBuildFile; fileRef = 15B54F9E21417C7000A99A88 /* GMSURLTileLayer.h */; settings = {ATTRIBUTES = (Public, ); }; };
		15B54FC721417C7000A99A88 /* GMSGeocoder.h in Headers */ = {isa = PBXBuildFile; fileRef = 15B54F9F21417C7000A99A88 /* GMSGeocoder.h */; settings = {ATTRIBUTES = (Public, ); }; };
		15B54FC821417C7000A99A88 /* GMSPanoramaLink.h in Headers */ = {isa = PBXBuildFile; fileRef = 15B54FA021417C7000A99A88 /* GMSPanoramaLink.h */; settings = {ATTRIBUTES = (Public, ); }; };
		15B54FC921417C7000A99A88 /* GMSGroundOverlay.h in Headers */ = {isa = PBXBuildFile; fileRef = 15B54FA121417C7000A99A88 /* GMSGroundOverlay.h */; settings = {ATTRIBUTES = (Public, ); }; };
		15B54FCA21417C7000A99A88 /* GMSCALayer.h in Headers */ = {isa = PBXBuildFile; fileRef = 15B54FA221417C7000A99A88 /* GMSCALayer.h */; settings = {ATTRIBUTES = (Public, ); }; };
		15B54FCB21417C7000A99A88 /* GMSPanoramaLayer.h in Headers */ = {isa = PBXBuildFile; fileRef = 15B54FA321417C7000A99A88 /* GMSPanoramaLayer.h */; settings = {ATTRIBUTES = (Public, ); }; };
		15B54FCC21417C7000A99A88 /* GMSPolygon.h in Headers */ = {isa = PBXBuildFile; fileRef = 15B54FA421417C7000A99A88 /* GMSPolygon.h */; settings = {ATTRIBUTES = (Public, ); }; };
		15B54FCD21417C7000A99A88 /* GMSProjection.h in Headers */ = {isa = PBXBuildFile; fileRef = 15B54FA521417C7000A99A88 /* GMSProjection.h */; settings = {ATTRIBUTES = (Public, ); }; };
		15B54FCE21417C7000A99A88 /* GMSUISettings.h in Headers */ = {isa = PBXBuildFile; fileRef = 15B54FA621417C7000A99A88 /* GMSUISettings.h */; settings = {ATTRIBUTES = (Public, ); }; };
		15B54FD321417C8F00A99A88 /* GoogleMaps.bundle in Resources */ = {isa = PBXBuildFile; fileRef = 15B54FD221417C8F00A99A88 /* GoogleMaps.bundle */; };
		15B54FDD21417D3D00A99A88 /* GMSDeprecationMacros.h in Headers */ = {isa = PBXBuildFile; fileRef = 15B54FD621417D3D00A99A88 /* GMSDeprecationMacros.h */; settings = {ATTRIBUTES = (Public, ); }; };
		15B54FDE21417D3D00A99A88 /* GoogleMapsBase.h in Headers */ = {isa = PBXBuildFile; fileRef = 15B54FD721417D3D00A99A88 /* GoogleMapsBase.h */; settings = {ATTRIBUTES = (Public, ); }; };
		15B54FDF21417D3D00A99A88 /* GMSCompatabilityMacros.h in Headers */ = {isa = PBXBuildFile; fileRef = 15B54FD821417D3D00A99A88 /* GMSCompatabilityMacros.h */; settings = {ATTRIBUTES = (Public, ); }; };
		15B54FE021417D3D00A99A88 /* GMSCoordinateBounds.h in Headers */ = {isa = PBXBuildFile; fileRef = 15B54FD921417D3D00A99A88 /* GMSCoordinateBounds.h */; settings = {ATTRIBUTES = (Public, ); }; };
		15B54FE221417D5E00A99A88 /* GoogleMapsBase in Frameworks */ = {isa = PBXBuildFile; fileRef = 15B54FE121417D5E00A99A88 /* GoogleMapsBase */; };
		15B54FEA214184F100A99A88 /* GoogleMaps.h in Headers */ = {isa = PBXBuildFile; fileRef = 15B54FE8214184F000A99A88 /* GoogleMaps.h */; settings = {ATTRIBUTES = (Public, ); }; };
		A72C2FA61F6A86DD0076B723 /* SystemConfiguration.framework in Frameworks */ = {isa = PBXBuildFile; fileRef = B9EE03A51D9D8500003E7610 /* SystemConfiguration.framework */; };
		A72C2FAA1F6A88100076B723 /* CoreTelephony.framework in Frameworks */ = {isa = PBXBuildFile; fileRef = A72C2FA91F6A88100076B723 /* CoreTelephony.framework */; };
		A76265062037687D00DD730E /* Security.framework in Frameworks */ = {isa = PBXBuildFile; fileRef = B9EE03A31D9D84EC003E7610 /* Security.framework */; };
		A76265082037689800DD730E /* CoreImage.framework in Frameworks */ = {isa = PBXBuildFile; fileRef = A76265072037689800DD730E /* CoreImage.framework */; };
		A7C35D00200240CA0046AD4C /* GoogleMapsCore in Frameworks */ = {isa = PBXBuildFile; fileRef = B9EE03AD1D9D857A003E7610 /* GoogleMapsCore */; };
		A7C35D01200240ED0046AD4C /* CoreTelephony.framework in Frameworks */ = {isa = PBXBuildFile; fileRef = A72C2FA91F6A88100076B723 /* CoreTelephony.framework */; };
		A7C35D022002410C0046AD4C /* CoreData.framework in Frameworks */ = {isa = PBXBuildFile; fileRef = B9EE03AB1D9D8518003E7610 /* CoreData.framework */; };
		A7C35D03200241170046AD4C /* SystemConfiguration.framework in Frameworks */ = {isa = PBXBuildFile; fileRef = B9EE03A51D9D8500003E7610 /* SystemConfiguration.framework */; };
		B9EE039A1D9D84CC003E7610 /* UIKit.framework in Frameworks */ = {isa = PBXBuildFile; fileRef = B9EE03991D9D84CC003E7610 /* UIKit.framework */; };
		B9EE039C1D9D84D1003E7610 /* CoreLocation.framework in Frameworks */ = {isa = PBXBuildFile; fileRef = B9EE039B1D9D84D1003E7610 /* CoreLocation.framework */; };
		B9EE039E1D9D84D8003E7610 /* Foundation.framework in Frameworks */ = {isa = PBXBuildFile; fileRef = B9EE039D1D9D84D8003E7610 /* Foundation.framework */; };
		B9EE03A01D9D84DE003E7610 /* libc++.tbd in Frameworks */ = {isa = PBXBuildFile; fileRef = B9EE039F1D9D84DE003E7610 /* libc++.tbd */; };
		B9EE03A21D9D84E3003E7610 /* libz.tbd in Frameworks */ = {isa = PBXBuildFile; fileRef = B9EE03A11D9D84E3003E7610 /* libz.tbd */; };
		B9EE03A41D9D84EC003E7610 /* Security.framework in Frameworks */ = {isa = PBXBuildFile; fileRef = B9EE03A31D9D84EC003E7610 /* Security.framework */; };
		B9EE03A61D9D8500003E7610 /* SystemConfiguration.framework in Frameworks */ = {isa = PBXBuildFile; fileRef = B9EE03A51D9D8500003E7610 /* SystemConfiguration.framework */; };
		B9EE03A81D9D8508003E7610 /* QuartzCore.framework in Frameworks */ = {isa = PBXBuildFile; fileRef = B9EE03A71D9D8508003E7610 /* QuartzCore.framework */; };
		B9EE03AA1D9D8511003E7610 /* CoreGraphics.framework in Frameworks */ = {isa = PBXBuildFile; fileRef = B9EE03A91D9D8511003E7610 /* CoreGraphics.framework */; };
		B9EE03AC1D9D8518003E7610 /* CoreData.framework in Frameworks */ = {isa = PBXBuildFile; fileRef = B9EE03AB1D9D8518003E7610 /* CoreData.framework */; };
		B9EE03B21D9D85BD003E7610 /* GoogleMapsBase.framework in Frameworks */ = {isa = PBXBuildFile; fileRef = B9EE037D1D9D843A003E7610 /* GoogleMapsBase.framework */; };
		B9EE03B41D9D85CD003E7610 /* GLKit.framework in Frameworks */ = {isa = PBXBuildFile; fileRef = B9EE03B31D9D85CD003E7610 /* GLKit.framework */; };
		B9EE03B61D9D85D4003E7610 /* ImageIO.framework in Frameworks */ = {isa = PBXBuildFile; fileRef = B9EE03B51D9D85D4003E7610 /* ImageIO.framework */; };
		B9EE03BA1D9D85E5003E7610 /* CoreText.framework in Frameworks */ = {isa = PBXBuildFile; fileRef = B9EE03B91D9D85E5003E7610 /* CoreText.framework */; };
		B9EE03BB1D9D8606003E7610 /* UIKit.framework in Frameworks */ = {isa = PBXBuildFile; fileRef = B9EE03991D9D84CC003E7610 /* UIKit.framework */; };
		B9EE03BC1D9D8610003E7610 /* Foundation.framework in Frameworks */ = {isa = PBXBuildFile; fileRef = B9EE039D1D9D84D8003E7610 /* Foundation.framework */; };
		B9EE03BD1D9D865A003E7610 /* QuartzCore.framework in Frameworks */ = {isa = PBXBuildFile; fileRef = B9EE03A71D9D8508003E7610 /* QuartzCore.framework */; };
		B9EE03BE1D9D867C003E7610 /* CoreGraphics.framework in Frameworks */ = {isa = PBXBuildFile; fileRef = B9EE03A91D9D8511003E7610 /* CoreGraphics.framework */; };
		B9EE03BF1D9D8694003E7610 /* CoreLocation.framework in Frameworks */ = {isa = PBXBuildFile; fileRef = B9EE039B1D9D84D1003E7610 /* CoreLocation.framework */; };
		B9EE03C01D9D86A2003E7610 /* CoreData.framework in Frameworks */ = {isa = PBXBuildFile; fileRef = B9EE03AB1D9D8518003E7610 /* CoreData.framework */; };
		B9EE03C11D9D86AF003E7610 /* libc++.tbd in Frameworks */ = {isa = PBXBuildFile; fileRef = B9EE039F1D9D84DE003E7610 /* libc++.tbd */; };
		B9EE03C21D9D86FA003E7610 /* OpenGLES.framework in Frameworks */ = {isa = PBXBuildFile; fileRef = B9EE03B71D9D85DD003E7610 /* OpenGLES.framework */; };
		B9EE03C51D9D8758003E7610 /* Accelerate.framework in Frameworks */ = {isa = PBXBuildFile; fileRef = B9EE03C41D9D8758003E7610 /* Accelerate.framework */; };
		B9EE03C71D9D8796003E7610 /* GoogleMaps in Frameworks */ = {isa = PBXBuildFile; fileRef = B9EE03C61D9D8796003E7610 /* GoogleMaps */; };
		B9EE03C81D9D879D003E7610 /* GoogleMapsBase.framework in Frameworks */ = {isa = PBXBuildFile; fileRef = B9EE037D1D9D843A003E7610 /* GoogleMapsBase.framework */; };
		B9EE03C91D9D87A0003E7610 /* GoogleMapsCore.framework in Frameworks */ = {isa = PBXBuildFile; fileRef = B9EE038A1D9D8444003E7610 /* GoogleMapsCore.framework */; };
		B9EE04161D9D8825003E7610 /* Accelerate.framework in Frameworks */ = {isa = PBXBuildFile; fileRef = B9EE03C41D9D8758003E7610 /* Accelerate.framework */; };
		B9EE04171D9D882A003E7610 /* OpenGLES.framework in Frameworks */ = {isa = PBXBuildFile; fileRef = B9EE03B71D9D85DD003E7610 /* OpenGLES.framework */; };
		B9EE04191D9D883A003E7610 /* QuartzCore.framework in Frameworks */ = {isa = PBXBuildFile; fileRef = B9EE03A71D9D8508003E7610 /* QuartzCore.framework */; };
		B9EE041A1D9D8844003E7610 /* GLKit.framework in Frameworks */ = {isa = PBXBuildFile; fileRef = B9EE03B31D9D85CD003E7610 /* GLKit.framework */; };
		B9EE041C1D9D887A003E7610 /* ImageIO.framework in Frameworks */ = {isa = PBXBuildFile; fileRef = B9EE03B51D9D85D4003E7610 /* ImageIO.framework */; };
		B9EE041D1D9D8886003E7610 /* CoreText.framework in Frameworks */ = {isa = PBXBuildFile; fileRef = B9EE03B91D9D85E5003E7610 /* CoreText.framework */; };
		B9EE041E1D9D8892003E7610 /* CoreLocation.framework in Frameworks */ = {isa = PBXBuildFile; fileRef = B9EE039B1D9D84D1003E7610 /* CoreLocation.framework */; };
		B9EE041F1D9D889C003E7610 /* CoreGraphics.framework in Frameworks */ = {isa = PBXBuildFile; fileRef = B9EE03A91D9D8511003E7610 /* CoreGraphics.framework */; };
		B9EE04201D9D88AA003E7610 /* libc++.tbd in Frameworks */ = {isa = PBXBuildFile; fileRef = B9EE039F1D9D84DE003E7610 /* libc++.tbd */; };
		B9EE04211D9D88BA003E7610 /* UIKit.framework in Frameworks */ = {isa = PBXBuildFile; fileRef = B9EE03991D9D84CC003E7610 /* UIKit.framework */; };
		B9EE04221D9D88D6003E7610 /* Foundation.framework in Frameworks */ = {isa = PBXBuildFile; fileRef = B9EE039D1D9D84D8003E7610 /* Foundation.framework */; };
		B9EE04A21D9D9480003E7610 /* GoogleMaps.framework in Frameworks */ = {isa = PBXBuildFile; fileRef = B9EE036D1D9D8429003E7610 /* GoogleMaps.framework */; };
		B9EE04A41D9D94A0003E7610 /* GoogleMapsM4B in Frameworks */ = {isa = PBXBuildFile; fileRef = B9EE04A31D9D94A0003E7610 /* GoogleMapsM4B */; };
		B9EE04A51D9D94CE003E7610 /* Foundation.framework in Frameworks */ = {isa = PBXBuildFile; fileRef = B9EE039D1D9D84D8003E7610 /* Foundation.framework */; };
/* End PBXBuildFile section */

/* Begin PBXFileReference section */
		15B54F7F21417C7000A99A88 /* GMSPanoramaView.h */ = {isa = PBXFileReference; fileEncoding = 4; lastKnownFileType = sourcecode.c.h; path = GMSPanoramaView.h; sourceTree = "<group>"; };
		15B54F8021417C7000A99A88 /* GMSIndoorBuilding.h */ = {isa = PBXFileReference; fileEncoding = 4; lastKnownFileType = sourcecode.c.h; path = GMSIndoorBuilding.h; sourceTree = "<group>"; };
		15B54F8121417C7000A99A88 /* GMSMarker.h */ = {isa = PBXFileReference; fileEncoding = 4; lastKnownFileType = sourcecode.c.h; path = GMSMarker.h; sourceTree = "<group>"; };
		15B54F8221417C7000A99A88 /* GMSMapView.h */ = {isa = PBXFileReference; fileEncoding = 4; lastKnownFileType = sourcecode.c.h; path = GMSMapView.h; sourceTree = "<group>"; };
		15B54F8321417C7000A99A88 /* GMSServices.h */ = {isa = PBXFileReference; fileEncoding = 4; lastKnownFileType = sourcecode.c.h; path = GMSServices.h; sourceTree = "<group>"; };
		15B54F8421417C7000A99A88 /* GMSIndoorDisplay.h */ = {isa = PBXFileReference; fileEncoding = 4; lastKnownFileType = sourcecode.c.h; path = GMSIndoorDisplay.h; sourceTree = "<group>"; };
		15B54F8521417C7000A99A88 /* GMSMarkerLayer.h */ = {isa = PBXFileReference; fileEncoding = 4; lastKnownFileType = sourcecode.c.h; path = GMSMarkerLayer.h; sourceTree = "<group>"; };
		15B54F8621417C7000A99A88 /* GMSOverlayLayer.h */ = {isa = PBXFileReference; fileEncoding = 4; lastKnownFileType = sourcecode.c.h; path = GMSOverlayLayer.h; sourceTree = "<group>"; };
		15B54F8721417C7000A99A88 /* GMSCameraUpdate.h */ = {isa = PBXFileReference; fileEncoding = 4; lastKnownFileType = sourcecode.c.h; path = GMSCameraUpdate.h; sourceTree = "<group>"; };
		15B54F8821417C7000A99A88 /* GMSMapLayer.h */ = {isa = PBXFileReference; fileEncoding = 4; lastKnownFileType = sourcecode.c.h; path = GMSMapLayer.h; sourceTree = "<group>"; };
		15B54F8921417C7000A99A88 /* GMSPolyline.h */ = {isa = PBXFileReference; fileEncoding = 4; lastKnownFileType = sourcecode.c.h; path = GMSPolyline.h; sourceTree = "<group>"; };
		15B54F8A21417C7000A99A88 /* GMSMapView+Animation.h */ = {isa = PBXFileReference; fileEncoding = 4; lastKnownFileType = sourcecode.c.h; path = "GMSMapView+Animation.h"; sourceTree = "<group>"; };
		15B54F8B21417C7000A99A88 /* GMSOrientation.h */ = {isa = PBXFileReference; fileEncoding = 4; lastKnownFileType = sourcecode.c.h; path = GMSOrientation.h; sourceTree = "<group>"; };
		15B54F8C21417C7000A99A88 /* GMSPanoramaService.h */ = {isa = PBXFileReference; fileEncoding = 4; lastKnownFileType = sourcecode.c.h; path = GMSPanoramaService.h; sourceTree = "<group>"; };
		15B54F8D21417C7000A99A88 /* GMSMapStyle.h */ = {isa = PBXFileReference; fileEncoding = 4; lastKnownFileType = sourcecode.c.h; path = GMSMapStyle.h; sourceTree = "<group>"; };
		15B54F8E21417C7000A99A88 /* GMSMutablePath.h */ = {isa = PBXFileReference; fileEncoding = 4; lastKnownFileType = sourcecode.c.h; path = GMSMutablePath.h; sourceTree = "<group>"; };
		15B54F8F21417C7000A99A88 /* GMSPanorama.h */ = {isa = PBXFileReference; fileEncoding = 4; lastKnownFileType = sourcecode.c.h; path = GMSPanorama.h; sourceTree = "<group>"; };
		15B54F9021417C7000A99A88 /* GMSIndoorLevel.h */ = {isa = PBXFileReference; fileEncoding = 4; lastKnownFileType = sourcecode.c.h; path = GMSIndoorLevel.h; sourceTree = "<group>"; };
		15B54F9121417C7000A99A88 /* GMSCircle.h */ = {isa = PBXFileReference; fileEncoding = 4; lastKnownFileType = sourcecode.c.h; path = GMSCircle.h; sourceTree = "<group>"; };
		15B54F9221417C7000A99A88 /* GMSCoordinateBounds+GoogleMaps.h */ = {isa = PBXFileReference; fileEncoding = 4; lastKnownFileType = sourcecode.c.h; path = "GMSCoordinateBounds+GoogleMaps.h"; sourceTree = "<group>"; };
		15B54F9321417C7000A99A88 /* GMSPanoramaSource.h */ = {isa = PBXFileReference; fileEncoding = 4; lastKnownFileType = sourcecode.c.h; path = GMSPanoramaSource.h; sourceTree = "<group>"; };
		15B54F9421417C7000A99A88 /* GMSTileLayer.h */ = {isa = PBXFileReference; fileEncoding = 4; lastKnownFileType = sourcecode.c.h; path = GMSTileLayer.h; sourceTree = "<group>"; };
		15B54F9521417C7000A99A88 /* GMSPanoramaCameraUpdate.h */ = {isa = PBXFileReference; fileEncoding = 4; lastKnownFileType = sourcecode.c.h; path = GMSPanoramaCameraUpdate.h; sourceTree = "<group>"; };
		15B54F9621417C7000A99A88 /* GMSPanoramaCamera.h */ = {isa = PBXFileReference; fileEncoding = 4; lastKnownFileType = sourcecode.c.h; path = GMSPanoramaCamera.h; sourceTree = "<group>"; };
		15B54F9721417C7000A99A88 /* GMSCameraPosition.h */ = {isa = PBXFileReference; fileEncoding = 4; lastKnownFileType = sourcecode.c.h; path = GMSCameraPosition.h; sourceTree = "<group>"; };
		15B54F9821417C7000A99A88 /* GMSAddress.h */ = {isa = PBXFileReference; fileEncoding = 4; lastKnownFileType = sourcecode.c.h; path = GMSAddress.h; sourceTree = "<group>"; };
		15B54F9921417C7000A99A88 /* GoogleMaps.h */ = {isa = PBXFileReference; fileEncoding = 4; lastKnownFileType = sourcecode.c.h; path = GoogleMaps.h; sourceTree = "<group>"; };
		15B54F9A21417C7000A99A88 /* GMSOverlay.h */ = {isa = PBXFileReference; fileEncoding = 4; lastKnownFileType = sourcecode.c.h; path = GMSOverlay.h; sourceTree = "<group>"; };
		15B54F9B21417C7000A99A88 /* GMSSyncTileLayer.h */ = {isa = PBXFileReference; fileEncoding = 4; lastKnownFileType = sourcecode.c.h; path = GMSSyncTileLayer.h; sourceTree = "<group>"; };
		15B54F9C21417C7000A99A88 /* GMSGeometryUtils.h */ = {isa = PBXFileReference; fileEncoding = 4; lastKnownFileType = sourcecode.c.h; path = GMSGeometryUtils.h; sourceTree = "<group>"; };
		15B54F9D21417C7000A99A88 /* GMSPath.h */ = {isa = PBXFileReference; fileEncoding = 4; lastKnownFileType = sourcecode.c.h; path = GMSPath.h; sourceTree = "<group>"; };
		15B54F9E21417C7000A99A88 /* GMSURLTileLayer.h */ = {isa = PBXFileReference; fileEncoding = 4; lastKnownFileType = sourcecode.c.h; path = GMSURLTileLayer.h; sourceTree = "<group>"; };
		15B54F9F21417C7000A99A88 /* GMSGeocoder.h */ = {isa = PBXFileReference; fileEncoding = 4; lastKnownFileType = sourcecode.c.h; path = GMSGeocoder.h; sourceTree = "<group>"; };
		15B54FA021417C7000A99A88 /* GMSPanoramaLink.h */ = {isa = PBXFileReference; fileEncoding = 4; lastKnownFileType = sourcecode.c.h; path = GMSPanoramaLink.h; sourceTree = "<group>"; };
		15B54FA121417C7000A99A88 /* GMSGroundOverlay.h */ = {isa = PBXFileReference; fileEncoding = 4; lastKnownFileType = sourcecode.c.h; path = GMSGroundOverlay.h; sourceTree = "<group>"; };
		15B54FA221417C7000A99A88 /* GMSCALayer.h */ = {isa = PBXFileReference; fileEncoding = 4; lastKnownFileType = sourcecode.c.h; path = GMSCALayer.h; sourceTree = "<group>"; };
		15B54FA321417C7000A99A88 /* GMSPanoramaLayer.h */ = {isa = PBXFileReference; fileEncoding = 4; lastKnownFileType = sourcecode.c.h; path = GMSPanoramaLayer.h; sourceTree = "<group>"; };
		15B54FA421417C7000A99A88 /* GMSPolygon.h */ = {isa = PBXFileReference; fileEncoding = 4; lastKnownFileType = sourcecode.c.h; path = GMSPolygon.h; sourceTree = "<group>"; };
		15B54FA521417C7000A99A88 /* GMSProjection.h */ = {isa = PBXFileReference; fileEncoding = 4; lastKnownFileType = sourcecode.c.h; path = GMSProjection.h; sourceTree = "<group>"; };
		15B54FA621417C7000A99A88 /* GMSUISettings.h */ = {isa = PBXFileReference; fileEncoding = 4; lastKnownFileType = sourcecode.c.h; path = GMSUISettings.h; sourceTree = "<group>"; };
		15B54FD021417C8600A99A88 /* module.modulemap */ = {isa = PBXFileReference; fileEncoding = 4; lastKnownFileType = "sourcecode.module-map"; path = module.modulemap; sourceTree = "<group>"; };
		15B54FD221417C8F00A99A88 /* GoogleMaps.bundle */ = {isa = PBXFileReference; lastKnownFileType = "wrapper.plug-in"; path = GoogleMaps.bundle; sourceTree = "<group>"; };
		15B54FD621417D3D00A99A88 /* GMSDeprecationMacros.h */ = {isa = PBXFileReference; fileEncoding = 4; lastKnownFileType = sourcecode.c.h; path = GMSDeprecationMacros.h; sourceTree = "<group>"; };
		15B54FD721417D3D00A99A88 /* GoogleMapsBase.h */ = {isa = PBXFileReference; fileEncoding = 4; lastKnownFileType = sourcecode.c.h; path = GoogleMapsBase.h; sourceTree = "<group>"; };
		15B54FD821417D3D00A99A88 /* GMSCompatabilityMacros.h */ = {isa = PBXFileReference; fileEncoding = 4; lastKnownFileType = sourcecode.c.h; path = GMSCompatabilityMacros.h; sourceTree = "<group>"; };
		15B54FD921417D3D00A99A88 /* GMSCoordinateBounds.h */ = {isa = PBXFileReference; fileEncoding = 4; lastKnownFileType = sourcecode.c.h; path = GMSCoordinateBounds.h; sourceTree = "<group>"; };
		15B54FDB21417D3D00A99A88 /* module.modulemap */ = {isa = PBXFileReference; fileEncoding = 4; lastKnownFileType = "sourcecode.module-map"; path = module.modulemap; sourceTree = "<group>"; };
		15B54FE121417D5E00A99A88 /* GoogleMapsBase */ = {isa = PBXFileReference; lastKnownFileType = "compiled.mach-o.objfile"; path = GoogleMapsBase; sourceTree = "<group>"; };
		15B54FE4214183F200A99A88 /* module.modulemap */ = {isa = PBXFileReference; fileEncoding = 4; lastKnownFileType = "sourcecode.module-map"; path = module.modulemap; sourceTree = "<group>"; };
		15B54FE6214184F000A99A88 /* module.modulemap */ = {isa = PBXFileReference; fileEncoding = 4; lastKnownFileType = "sourcecode.module-map"; path = module.modulemap; sourceTree = "<group>"; };
		15B54FE8214184F000A99A88 /* GoogleMaps.h */ = {isa = PBXFileReference; fileEncoding = 4; lastKnownFileType = sourcecode.c.h; path = GoogleMaps.h; sourceTree = "<group>"; };
		A72C2FA91F6A88100076B723 /* CoreTelephony.framework */ = {isa = PBXFileReference; lastKnownFileType = wrapper.framework; name = CoreTelephony.framework; path = System/Library/Frameworks/CoreTelephony.framework; sourceTree = SDKROOT; };
		A76265072037689800DD730E /* CoreImage.framework */ = {isa = PBXFileReference; lastKnownFileType = wrapper.framework; name = CoreImage.framework; path = System/Library/Frameworks/CoreImage.framework; sourceTree = SDKROOT; };
		B9EE036D1D9D8429003E7610 /* GoogleMaps.framework */ = {isa = PBXFileReference; explicitFileType = wrapper.framework; includeInIndex = 0; path = GoogleMaps.framework; sourceTree = BUILT_PRODUCTS_DIR; };
		B9EE03711D9D8429003E7610 /* Info.plist */ = {isa = PBXFileReference; lastKnownFileType = text.plist.xml; path = Info.plist; sourceTree = "<group>"; };
		B9EE037D1D9D843A003E7610 /* GoogleMapsBase.framework */ = {isa = PBXFileReference; explicitFileType = wrapper.framework; includeInIndex = 0; path = GoogleMapsBase.framework; sourceTree = BUILT_PRODUCTS_DIR; };
		B9EE03801D9D843B003E7610 /* Info.plist */ = {isa = PBXFileReference; lastKnownFileType = text.plist.xml; path = Info.plist; sourceTree = "<group>"; };
		B9EE038A1D9D8444003E7610 /* GoogleMapsCore.framework */ = {isa = PBXFileReference; explicitFileType = wrapper.framework; includeInIndex = 0; path = GoogleMapsCore.framework; sourceTree = BUILT_PRODUCTS_DIR; };
		B9EE038D1D9D8444003E7610 /* Info.plist */ = {isa = PBXFileReference; lastKnownFileType = text.plist.xml; path = Info.plist; sourceTree = "<group>"; };
		B9EE03991D9D84CC003E7610 /* UIKit.framework */ = {isa = PBXFileReference; lastKnownFileType = wrapper.framework; name = UIKit.framework; path = System/Library/Frameworks/UIKit.framework; sourceTree = SDKROOT; };
		B9EE039B1D9D84D1003E7610 /* CoreLocation.framework */ = {isa = PBXFileReference; lastKnownFileType = wrapper.framework; name = CoreLocation.framework; path = System/Library/Frameworks/CoreLocation.framework; sourceTree = SDKROOT; };
		B9EE039D1D9D84D8003E7610 /* Foundation.framework */ = {isa = PBXFileReference; lastKnownFileType = wrapper.framework; name = Foundation.framework; path = System/Library/Frameworks/Foundation.framework; sourceTree = SDKROOT; };
		B9EE039F1D9D84DE003E7610 /* libc++.tbd */ = {isa = PBXFileReference; lastKnownFileType = "sourcecode.text-based-dylib-definition"; name = "libc++.tbd"; path = "usr/lib/libc++.tbd"; sourceTree = SDKROOT; };
		B9EE03A11D9D84E3003E7610 /* libz.tbd */ = {isa = PBXFileReference; lastKnownFileType = "sourcecode.text-based-dylib-definition"; name = libz.tbd; path = usr/lib/libz.tbd; sourceTree = SDKROOT; };
		B9EE03A31D9D84EC003E7610 /* Security.framework */ = {isa = PBXFileReference; lastKnownFileType = wrapper.framework; name = Security.framework; path = System/Library/Frameworks/Security.framework; sourceTree = SDKROOT; };
		B9EE03A51D9D8500003E7610 /* SystemConfiguration.framework */ = {isa = PBXFileReference; lastKnownFileType = wrapper.framework; name = SystemConfiguration.framework; path = System/Library/Frameworks/SystemConfiguration.framework; sourceTree = SDKROOT; };
		B9EE03A71D9D8508003E7610 /* QuartzCore.framework */ = {isa = PBXFileReference; lastKnownFileType = wrapper.framework; name = QuartzCore.framework; path = System/Library/Frameworks/QuartzCore.framework; sourceTree = SDKROOT; };
		B9EE03A91D9D8511003E7610 /* CoreGraphics.framework */ = {isa = PBXFileReference; lastKnownFileType = wrapper.framework; name = CoreGraphics.framework; path = System/Library/Frameworks/CoreGraphics.framework; sourceTree = SDKROOT; };
		B9EE03AB1D9D8518003E7610 /* CoreData.framework */ = {isa = PBXFileReference; lastKnownFileType = wrapper.framework; name = CoreData.framework; path = System/Library/Frameworks/CoreData.framework; sourceTree = SDKROOT; };
		B9EE03AD1D9D857A003E7610 /* GoogleMapsCore */ = {isa = PBXFileReference; lastKnownFileType = "compiled.mach-o.objfile"; path = GoogleMapsCore; sourceTree = "<group>"; };
		B9EE03B31D9D85CD003E7610 /* GLKit.framework */ = {isa = PBXFileReference; lastKnownFileType = wrapper.framework; name = GLKit.framework; path = System/Library/Frameworks/GLKit.framework; sourceTree = SDKROOT; };
		B9EE03B51D9D85D4003E7610 /* ImageIO.framework */ = {isa = PBXFileReference; lastKnownFileType = wrapper.framework; name = ImageIO.framework; path = System/Library/Frameworks/ImageIO.framework; sourceTree = SDKROOT; };
		B9EE03B71D9D85DD003E7610 /* OpenGLES.framework */ = {isa = PBXFileReference; lastKnownFileType = wrapper.framework; name = OpenGLES.framework; path = System/Library/Frameworks/OpenGLES.framework; sourceTree = SDKROOT; };
		B9EE03B91D9D85E5003E7610 /* CoreText.framework */ = {isa = PBXFileReference; lastKnownFileType = wrapper.framework; name = CoreText.framework; path = System/Library/Frameworks/CoreText.framework; sourceTree = SDKROOT; };
		B9EE03C41D9D8758003E7610 /* Accelerate.framework */ = {isa = PBXFileReference; lastKnownFileType = wrapper.framework; name = Accelerate.framework; path = System/Library/Frameworks/Accelerate.framework; sourceTree = SDKROOT; };
		B9EE03C61D9D8796003E7610 /* GoogleMaps */ = {isa = PBXFileReference; lastKnownFileType = "compiled.mach-o.objfile"; path = GoogleMaps; sourceTree = "<group>"; };
		B9EE049A1D9D9478003E7610 /* GoogleMapsM4B.framework */ = {isa = PBXFileReference; explicitFileType = wrapper.framework; includeInIndex = 0; path = GoogleMapsM4B.framework; sourceTree = BUILT_PRODUCTS_DIR; };
		B9EE049D1D9D9478003E7610 /* Info.plist */ = {isa = PBXFileReference; lastKnownFileType = text.plist.xml; path = Info.plist; sourceTree = "<group>"; };
		B9EE04A31D9D94A0003E7610 /* GoogleMapsM4B */ = {isa = PBXFileReference; lastKnownFileType = "compiled.mach-o.objfile"; path = GoogleMapsM4B; sourceTree = "<group>"; };
/* End PBXFileReference section */

/* Begin PBXFrameworksBuildPhase section */
		B9EE03691D9D8429003E7610 /* Frameworks */ = {
			isa = PBXFrameworksBuildPhase;
			buildActionMask = 2147483647;
			files = (
				A76265082037689800DD730E /* CoreImage.framework in Frameworks */,
				A76265062037687D00DD730E /* Security.framework in Frameworks */,
				A7C35D03200241170046AD4C /* SystemConfiguration.framework in Frameworks */,
				A7C35D022002410C0046AD4C /* CoreData.framework in Frameworks */,
				A7C35D01200240ED0046AD4C /* CoreTelephony.framework in Frameworks */,
				B9EE04201D9D88AA003E7610 /* libc++.tbd in Frameworks */,
				B9EE04221D9D88D6003E7610 /* Foundation.framework in Frameworks */,
				B9EE04211D9D88BA003E7610 /* UIKit.framework in Frameworks */,
				B9EE041F1D9D889C003E7610 /* CoreGraphics.framework in Frameworks */,
				B9EE041E1D9D8892003E7610 /* CoreLocation.framework in Frameworks */,
				B9EE041D1D9D8886003E7610 /* CoreText.framework in Frameworks */,
				B9EE041C1D9D887A003E7610 /* ImageIO.framework in Frameworks */,
				B9EE041A1D9D8844003E7610 /* GLKit.framework in Frameworks */,
				B9EE04191D9D883A003E7610 /* QuartzCore.framework in Frameworks */,
				B9EE04171D9D882A003E7610 /* OpenGLES.framework in Frameworks */,
				A7C35D00200240CA0046AD4C /* GoogleMapsCore in Frameworks */,
				B9EE04161D9D8825003E7610 /* Accelerate.framework in Frameworks */,
				B9EE03C91D9D87A0003E7610 /* GoogleMapsCore.framework in Frameworks */,
				B9EE03C81D9D879D003E7610 /* GoogleMapsBase.framework in Frameworks */,
				B9EE03C71D9D8796003E7610 /* GoogleMaps in Frameworks */,
			);
			runOnlyForDeploymentPostprocessing = 0;
		};
		B9EE03791D9D843A003E7610 /* Frameworks */ = {
			isa = PBXFrameworksBuildPhase;
			buildActionMask = 2147483647;
			files = (
				B9EE03A21D9D84E3003E7610 /* libz.tbd in Frameworks */,
				B9EE03A01D9D84DE003E7610 /* libc++.tbd in Frameworks */,
				B9EE03AC1D9D8518003E7610 /* CoreData.framework in Frameworks */,
				B9EE03AA1D9D8511003E7610 /* CoreGraphics.framework in Frameworks */,
				B9EE03A81D9D8508003E7610 /* QuartzCore.framework in Frameworks */,
				B9EE03A61D9D8500003E7610 /* SystemConfiguration.framework in Frameworks */,
				B9EE039E1D9D84D8003E7610 /* Foundation.framework in Frameworks */,
				B9EE039C1D9D84D1003E7610 /* CoreLocation.framework in Frameworks */,
				B9EE039A1D9D84CC003E7610 /* UIKit.framework in Frameworks */,
				15B54FE221417D5E00A99A88 /* GoogleMapsBase in Frameworks */,
				B9EE03A41D9D84EC003E7610 /* Security.framework in Frameworks */,
			);
			runOnlyForDeploymentPostprocessing = 0;
		};
		B9EE03861D9D8444003E7610 /* Frameworks */ = {
			isa = PBXFrameworksBuildPhase;
			buildActionMask = 2147483647;
			files = (
				B9EE03C11D9D86AF003E7610 /* libc++.tbd in Frameworks */,
				B9EE03C51D9D8758003E7610 /* Accelerate.framework in Frameworks */,
				B9EE03C21D9D86FA003E7610 /* OpenGLES.framework in Frameworks */,
				B9EE03C01D9D86A2003E7610 /* CoreData.framework in Frameworks */,
				B9EE03BF1D9D8694003E7610 /* CoreLocation.framework in Frameworks */,
				B9EE03BE1D9D867C003E7610 /* CoreGraphics.framework in Frameworks */,
				A72C2FAA1F6A88100076B723 /* CoreTelephony.framework in Frameworks */,
				B9EE03BD1D9D865A003E7610 /* QuartzCore.framework in Frameworks */,
				B9EE03BC1D9D8610003E7610 /* Foundation.framework in Frameworks */,
				B9EE03BB1D9D8606003E7610 /* UIKit.framework in Frameworks */,
				B9EE03BA1D9D85E5003E7610 /* CoreText.framework in Frameworks */,
				B9EE03B61D9D85D4003E7610 /* ImageIO.framework in Frameworks */,
				B9EE03B41D9D85CD003E7610 /* GLKit.framework in Frameworks */,
				A72C2FA61F6A86DD0076B723 /* SystemConfiguration.framework in Frameworks */,
				B9EE03B21D9D85BD003E7610 /* GoogleMapsBase.framework in Frameworks */,
			);
			runOnlyForDeploymentPostprocessing = 0;
		};
		B9EE04961D9D9478003E7610 /* Frameworks */ = {
			isa = PBXFrameworksBuildPhase;
			buildActionMask = 2147483647;
			files = (
				B9EE04A51D9D94CE003E7610 /* Foundation.framework in Frameworks */,
				B9EE04A21D9D9480003E7610 /* GoogleMaps.framework in Frameworks */,
				B9EE04A41D9D94A0003E7610 /* GoogleMapsM4B in Frameworks */,
			);
			runOnlyForDeploymentPostprocessing = 0;
		};
/* End PBXFrameworksBuildPhase section */

/* Begin PBXGroup section */
		15B54F7E21417C7000A99A88 /* Headers */ = {
			isa = PBXGroup;
			children = (
				15B54F7F21417C7000A99A88 /* GMSPanoramaView.h */,
				15B54F8021417C7000A99A88 /* GMSIndoorBuilding.h */,
				15B54F8121417C7000A99A88 /* GMSMarker.h */,
				15B54F8221417C7000A99A88 /* GMSMapView.h */,
				15B54F8321417C7000A99A88 /* GMSServices.h */,
				15B54F8421417C7000A99A88 /* GMSIndoorDisplay.h */,
				15B54F8521417C7000A99A88 /* GMSMarkerLayer.h */,
				15B54F8621417C7000A99A88 /* GMSOverlayLayer.h */,
				15B54F8721417C7000A99A88 /* GMSCameraUpdate.h */,
				15B54F8821417C7000A99A88 /* GMSMapLayer.h */,
				15B54F8921417C7000A99A88 /* GMSPolyline.h */,
				15B54F8A21417C7000A99A88 /* GMSMapView+Animation.h */,
				15B54F8B21417C7000A99A88 /* GMSOrientation.h */,
				15B54F8C21417C7000A99A88 /* GMSPanoramaService.h */,
				15B54F8D21417C7000A99A88 /* GMSMapStyle.h */,
				15B54F8E21417C7000A99A88 /* GMSMutablePath.h */,
				15B54F8F21417C7000A99A88 /* GMSPanorama.h */,
				15B54F9021417C7000A99A88 /* GMSIndoorLevel.h */,
				15B54F9121417C7000A99A88 /* GMSCircle.h */,
				15B54F9221417C7000A99A88 /* GMSCoordinateBounds+GoogleMaps.h */,
				15B54F9321417C7000A99A88 /* GMSPanoramaSource.h */,
				15B54F9421417C7000A99A88 /* GMSTileLayer.h */,
				15B54F9521417C7000A99A88 /* GMSPanoramaCameraUpdate.h */,
				15B54F9621417C7000A99A88 /* GMSPanoramaCamera.h */,
				15B54F9721417C7000A99A88 /* GMSCameraPosition.h */,
				15B54F9821417C7000A99A88 /* GMSAddress.h */,
				15B54F9921417C7000A99A88 /* GoogleMaps.h */,
				15B54F9A21417C7000A99A88 /* GMSOverlay.h */,
				15B54F9B21417C7000A99A88 /* GMSSyncTileLayer.h */,
				15B54F9C21417C7000A99A88 /* GMSGeometryUtils.h */,
				15B54F9D21417C7000A99A88 /* GMSPath.h */,
				15B54F9E21417C7000A99A88 /* GMSURLTileLayer.h */,
				15B54F9F21417C7000A99A88 /* GMSGeocoder.h */,
				15B54FA021417C7000A99A88 /* GMSPanoramaLink.h */,
				15B54FA121417C7000A99A88 /* GMSGroundOverlay.h */,
				15B54FA221417C7000A99A88 /* GMSCALayer.h */,
				15B54FA321417C7000A99A88 /* GMSPanoramaLayer.h */,
				15B54FA421417C7000A99A88 /* GMSPolygon.h */,
				15B54FA521417C7000A99A88 /* GMSProjection.h */,
				15B54FA621417C7000A99A88 /* GMSUISettings.h */,
			);
			path = Headers;
			sourceTree = "<group>";
		};
		15B54FCF21417C8600A99A88 /* Modules */ = {
			isa = PBXGroup;
			children = (
				15B54FD021417C8600A99A88 /* module.modulemap */,
			);
			path = Modules;
			sourceTree = "<group>";
		};
		15B54FD121417C8F00A99A88 /* Resources */ = {
			isa = PBXGroup;
			children = (
				15B54FD221417C8F00A99A88 /* GoogleMaps.bundle */,
			);
			path = Resources;
			sourceTree = "<group>";
		};
		15B54FD521417D3D00A99A88 /* Headers */ = {
			isa = PBXGroup;
			children = (
				15B54FD621417D3D00A99A88 /* GMSDeprecationMacros.h */,
				15B54FD721417D3D00A99A88 /* GoogleMapsBase.h */,
				15B54FD821417D3D00A99A88 /* GMSCompatabilityMacros.h */,
				15B54FD921417D3D00A99A88 /* GMSCoordinateBounds.h */,
			);
			path = Headers;
			sourceTree = "<group>";
		};
		15B54FDA21417D3D00A99A88 /* Modules */ = {
			isa = PBXGroup;
			children = (
				15B54FDB21417D3D00A99A88 /* module.modulemap */,
			);
			path = Modules;
			sourceTree = "<group>";
		};
		15B54FE3214183F200A99A88 /* Modules */ = {
			isa = PBXGroup;
			children = (
				15B54FE4214183F200A99A88 /* module.modulemap */,
			);
			path = Modules;
			sourceTree = "<group>";
		};
		15B54FE5214184F000A99A88 /* Modules */ = {
			isa = PBXGroup;
			children = (
				15B54FE6214184F000A99A88 /* module.modulemap */,
			);
			path = Modules;
			sourceTree = "<group>";
		};
		15B54FE7214184F000A99A88 /* Headers */ = {
			isa = PBXGroup;
			children = (
				15B54FE8214184F000A99A88 /* GoogleMaps.h */,
			);
			path = Headers;
			sourceTree = "<group>";
		};
		B9EE03631D9D8429003E7610 = {
			isa = PBXGroup;
			children = (
				B9EE036F1D9D8429003E7610 /* GoogleMaps */,
				B9EE037E1D9D843B003E7610 /* GoogleMapsBase */,
				B9EE038B1D9D8444003E7610 /* GoogleMapsCore */,
				B9EE049B1D9D9478003E7610 /* GoogleMapsM4B */,
				B9EE036E1D9D8429003E7610 /* Products */,
				B9EE03981D9D84CC003E7610 /* Frameworks */,
			);
			sourceTree = "<group>";
		};
		B9EE036E1D9D8429003E7610 /* Products */ = {
			isa = PBXGroup;
			children = (
				B9EE036D1D9D8429003E7610 /* GoogleMaps.framework */,
				B9EE037D1D9D843A003E7610 /* GoogleMapsBase.framework */,
				B9EE038A1D9D8444003E7610 /* GoogleMapsCore.framework */,
				B9EE049A1D9D9478003E7610 /* GoogleMapsM4B.framework */,
			);
			name = Products;
			sourceTree = "<group>";
		};
		B9EE036F1D9D8429003E7610 /* GoogleMaps */ = {
			isa = PBXGroup;
			children = (
				15B54F7E21417C7000A99A88 /* Headers */,
				B9EE03C61D9D8796003E7610 /* GoogleMaps */,
				15B54FD121417C8F00A99A88 /* Resources */,
				15B54FCF21417C8600A99A88 /* Modules */,
				B9EE03711D9D8429003E7610 /* Info.plist */,
			);
			path = GoogleMaps;
			sourceTree = "<group>";
		};
		B9EE037E1D9D843B003E7610 /* GoogleMapsBase */ = {
			isa = PBXGroup;
			children = (
				15B54FE121417D5E00A99A88 /* GoogleMapsBase */,
				15B54FD521417D3D00A99A88 /* Headers */,
				15B54FDA21417D3D00A99A88 /* Modules */,
				B9EE03801D9D843B003E7610 /* Info.plist */,
			);
			path = GoogleMapsBase;
			sourceTree = "<group>";
		};
		B9EE038B1D9D8444003E7610 /* GoogleMapsCore */ = {
			isa = PBXGroup;
			children = (
				B9EE03AD1D9D857A003E7610 /* GoogleMapsCore */,
				15B54FE3214183F200A99A88 /* Modules */,
				B9EE038D1D9D8444003E7610 /* Info.plist */,
			);
			path = GoogleMapsCore;
			sourceTree = "<group>";
		};
		B9EE03981D9D84CC003E7610 /* Frameworks */ = {
			isa = PBXGroup;
			children = (
				A76265072037689800DD730E /* CoreImage.framework */,
				A72C2FA91F6A88100076B723 /* CoreTelephony.framework */,
				B9EE03C41D9D8758003E7610 /* Accelerate.framework */,
				B9EE03B91D9D85E5003E7610 /* CoreText.framework */,
				B9EE03B71D9D85DD003E7610 /* OpenGLES.framework */,
				B9EE03B51D9D85D4003E7610 /* ImageIO.framework */,
				B9EE03B31D9D85CD003E7610 /* GLKit.framework */,
				B9EE03AB1D9D8518003E7610 /* CoreData.framework */,
				B9EE03A91D9D8511003E7610 /* CoreGraphics.framework */,
				B9EE03A71D9D8508003E7610 /* QuartzCore.framework */,
				B9EE03A51D9D8500003E7610 /* SystemConfiguration.framework */,
				B9EE03A31D9D84EC003E7610 /* Security.framework */,
				B9EE03A11D9D84E3003E7610 /* libz.tbd */,
				B9EE039F1D9D84DE003E7610 /* libc++.tbd */,
				B9EE039D1D9D84D8003E7610 /* Foundation.framework */,
				B9EE039B1D9D84D1003E7610 /* CoreLocation.framework */,
				B9EE03991D9D84CC003E7610 /* UIKit.framework */,
			);
			name = Frameworks;
			sourceTree = "<group>";
		};
		B9EE049B1D9D9478003E7610 /* GoogleMapsM4B */ = {
			isa = PBXGroup;
			children = (
				15B54FE7214184F000A99A88 /* Headers */,
				15B54FE5214184F000A99A88 /* Modules */,
				B9EE04A31D9D94A0003E7610 /* GoogleMapsM4B */,
				B9EE049D1D9D9478003E7610 /* Info.plist */,
			);
			path = GoogleMapsM4B;
			sourceTree = "<group>";
		};
/* End PBXGroup section */

/* Begin PBXHeadersBuildPhase section */
		B9EE036A1D9D8429003E7610 /* Headers */ = {
			isa = PBXHeadersBuildPhase;
			buildActionMask = 2147483647;
			files = (
				15B54FAF21417C7000A99A88 /* GMSCameraUpdate.h in Headers */,
				15B54FCD21417C7000A99A88 /* GMSProjection.h in Headers */,
				15B54FB721417C7000A99A88 /* GMSPanorama.h in Headers */,
				15B54FB321417C7000A99A88 /* GMSOrientation.h in Headers */,
				15B54FAB21417C7000A99A88 /* GMSServices.h in Headers */,
				15B54FC021417C7000A99A88 /* GMSAddress.h in Headers */,
				15B54FAC21417C7000A99A88 /* GMSIndoorDisplay.h in Headers */,
				15B54FAA21417C7000A99A88 /* GMSMapView.h in Headers */,
				15B54FBF21417C7000A99A88 /* GMSCameraPosition.h in Headers */,
				15B54FCC21417C7000A99A88 /* GMSPolygon.h in Headers */,
				15B54FCA21417C7000A99A88 /* GMSCALayer.h in Headers */,
				15B54FAE21417C7000A99A88 /* GMSOverlayLayer.h in Headers */,
				15B54FCE21417C7000A99A88 /* GMSUISettings.h in Headers */,
				15B54FA721417C7000A99A88 /* GMSPanoramaView.h in Headers */,
				15B54FC221417C7000A99A88 /* GMSOverlay.h in Headers */,
				15B54FBA21417C7000A99A88 /* GMSCoordinateBounds+GoogleMaps.h in Headers */,
				15B54FC921417C7000A99A88 /* GMSGroundOverlay.h in Headers */,
				15B54FB221417C7000A99A88 /* GMSMapView+Animation.h in Headers */,
				15B54FAD21417C7000A99A88 /* GMSMarkerLayer.h in Headers */,
				15B54FB921417C7000A99A88 /* GMSCircle.h in Headers */,
				15B54FB521417C7000A99A88 /* GMSMapStyle.h in Headers */,
				15B54FB421417C7000A99A88 /* GMSPanoramaService.h in Headers */,
				15B54FC821417C7000A99A88 /* GMSPanoramaLink.h in Headers */,
				15B54FB621417C7000A99A88 /* GMSMutablePath.h in Headers */,
				15B54FA821417C7000A99A88 /* GMSIndoorBuilding.h in Headers */,
				15B54FC521417C7000A99A88 /* GMSPath.h in Headers */,
				15B54FC721417C7000A99A88 /* GMSGeocoder.h in Headers */,
				15B54FA921417C7000A99A88 /* GMSMarker.h in Headers */,
				15B54FC621417C7000A99A88 /* GMSURLTileLayer.h in Headers */,
				15B54FBD21417C7000A99A88 /* GMSPanoramaCameraUpdate.h in Headers */,
				15B54FB821417C7000A99A88 /* GMSIndoorLevel.h in Headers */,
				15B54FBB21417C7000A99A88 /* GMSPanoramaSource.h in Headers */,
				15B54FC321417C7000A99A88 /* GMSSyncTileLayer.h in Headers */,
				15B54FBC21417C7000A99A88 /* GMSTileLayer.h in Headers */,
				15B54FC421417C7000A99A88 /* GMSGeometryUtils.h in Headers */,
				15B54FCB21417C7000A99A88 /* GMSPanoramaLayer.h in Headers */,
				15B54FC121417C7000A99A88 /* GoogleMaps.h in Headers */,
				15B54FBE21417C7000A99A88 /* GMSPanoramaCamera.h in Headers */,
				15B54FB121417C7000A99A88 /* GMSPolyline.h in Headers */,
				15B54FB021417C7000A99A88 /* GMSMapLayer.h in Headers */,
			);
			runOnlyForDeploymentPostprocessing = 0;
		};
		B9EE037A1D9D843A003E7610 /* Headers */ = {
			isa = PBXHeadersBuildPhase;
			buildActionMask = 2147483647;
			files = (
				15B54FDD21417D3D00A99A88 /* GMSDeprecationMacros.h in Headers */,
				15B54FDE21417D3D00A99A88 /* GoogleMapsBase.h in Headers */,
				15B54FE021417D3D00A99A88 /* GMSCoordinateBounds.h in Headers */,
				15B54FDF21417D3D00A99A88 /* GMSCompatabilityMacros.h in Headers */,
			);
			runOnlyForDeploymentPostprocessing = 0;
		};
		B9EE03871D9D8444003E7610 /* Headers */ = {
			isa = PBXHeadersBuildPhase;
			buildActionMask = 2147483647;
			files = (
			);
			runOnlyForDeploymentPostprocessing = 0;
		};
		B9EE04971D9D9478003E7610 /* Headers */ = {
			isa = PBXHeadersBuildPhase;
			buildActionMask = 2147483647;
			files = (
				15B54FEA214184F100A99A88 /* GoogleMaps.h in Headers */,
			);
			runOnlyForDeploymentPostprocessing = 0;
		};
/* End PBXHeadersBuildPhase section */

/* Begin PBXNativeTarget section */
		B9EE036C1D9D8429003E7610 /* GoogleMaps */ = {
			isa = PBXNativeTarget;
			buildConfigurationList = B9EE03751D9D8429003E7610 /* Build configuration list for PBXNativeTarget "GoogleMaps" */;
			buildPhases = (
				B9EE03681D9D8429003E7610 /* Sources */,
				B9EE03691D9D8429003E7610 /* Frameworks */,
				B9EE036A1D9D8429003E7610 /* Headers */,
				B9EE036B1D9D8429003E7610 /* Resources */,
			);
			buildRules = (
			);
			dependencies = (
			);
			name = GoogleMaps;
			productName = GoogleMaps;
			productReference = B9EE036D1D9D8429003E7610 /* GoogleMaps.framework */;
			productType = "com.apple.product-type.framework";
		};
		B9EE037C1D9D843A003E7610 /* GoogleMapsBase */ = {
			isa = PBXNativeTarget;
			buildConfigurationList = B9EE03821D9D843B003E7610 /* Build configuration list for PBXNativeTarget "GoogleMapsBase" */;
			buildPhases = (
				B9EE03781D9D843A003E7610 /* Sources */,
				B9EE03791D9D843A003E7610 /* Frameworks */,
				B9EE037A1D9D843A003E7610 /* Headers */,
				B9EE037B1D9D843A003E7610 /* Resources */,
			);
			buildRules = (
			);
			dependencies = (
			);
			name = GoogleMapsBase;
			productName = GoogleMapsBase;
			productReference = B9EE037D1D9D843A003E7610 /* GoogleMapsBase.framework */;
			productType = "com.apple.product-type.framework";
		};
		B9EE03891D9D8444003E7610 /* GoogleMapsCore */ = {
			isa = PBXNativeTarget;
			buildConfigurationList = B9EE038F1D9D8444003E7610 /* Build configuration list for PBXNativeTarget "GoogleMapsCore" */;
			buildPhases = (
				B9EE03851D9D8444003E7610 /* Sources */,
				B9EE03861D9D8444003E7610 /* Frameworks */,
				B9EE03871D9D8444003E7610 /* Headers */,
				B9EE03881D9D8444003E7610 /* Resources */,
			);
			buildRules = (
			);
			dependencies = (
			);
			name = GoogleMapsCore;
			productName = GoogleMapsCore;
			productReference = B9EE038A1D9D8444003E7610 /* GoogleMapsCore.framework */;
			productType = "com.apple.product-type.framework";
		};
		B9EE04991D9D9478003E7610 /* GoogleMapsM4B */ = {
			isa = PBXNativeTarget;
			buildConfigurationList = B9EE049F1D9D9478003E7610 /* Build configuration list for PBXNativeTarget "GoogleMapsM4B" */;
			buildPhases = (
				B9EE04951D9D9478003E7610 /* Sources */,
				B9EE04961D9D9478003E7610 /* Frameworks */,
				B9EE04971D9D9478003E7610 /* Headers */,
				B9EE04981D9D9478003E7610 /* Resources */,
			);
			buildRules = (
			);
			dependencies = (
			);
			name = GoogleMapsM4B;
			productName = GoogleMapsM4B;
			productReference = B9EE049A1D9D9478003E7610 /* GoogleMapsM4B.framework */;
			productType = "com.apple.product-type.framework";
		};
/* End PBXNativeTarget section */

/* Begin PBXProject section */
		B9EE03641D9D8429003E7610 /* Project object */ = {
			isa = PBXProject;
			attributes = {
				LastUpgradeCheck = 0920;
				ORGANIZATIONNAME = com.google;
				TargetAttributes = {
					B9EE036C1D9D8429003E7610 = {
						CreatedOnToolsVersion = 8.0;
						ProvisioningStyle = Automatic;
					};
					B9EE037C1D9D843A003E7610 = {
						CreatedOnToolsVersion = 8.0;
						ProvisioningStyle = Automatic;
					};
					B9EE03891D9D8444003E7610 = {
						CreatedOnToolsVersion = 8.0;
						ProvisioningStyle = Manual;
					};
					B9EE04991D9D9478003E7610 = {
						CreatedOnToolsVersion = 8.0;
						ProvisioningStyle = Automatic;
					};
				};
			};
			buildConfigurationList = B9EE03671D9D8429003E7610 /* Build configuration list for PBXProject "GoogleMaps" */;
			compatibilityVersion = "Xcode 3.2";
			developmentRegion = English;
			hasScannedForEncodings = 0;
			knownRegions = (
				en,
			);
			mainGroup = B9EE03631D9D8429003E7610;
			productRefGroup = B9EE036E1D9D8429003E7610 /* Products */;
			projectDirPath = "";
			projectRoot = "";
			targets = (
				B9EE036C1D9D8429003E7610 /* GoogleMaps */,
				B9EE037C1D9D843A003E7610 /* GoogleMapsBase */,
				B9EE03891D9D8444003E7610 /* GoogleMapsCore */,
				B9EE04991D9D9478003E7610 /* GoogleMapsM4B */,
			);
		};
/* End PBXProject section */

/* Begin PBXResourcesBuildPhase section */
		B9EE036B1D9D8429003E7610 /* Resources */ = {
			isa = PBXResourcesBuildPhase;
			buildActionMask = 2147483647;
			files = (
				15B54FD321417C8F00A99A88 /* GoogleMaps.bundle in Resources */,
			);
			runOnlyForDeploymentPostprocessing = 0;
		};
		B9EE037B1D9D843A003E7610 /* Resources */ = {
			isa = PBXResourcesBuildPhase;
			buildActionMask = 2147483647;
			files = (
			);
			runOnlyForDeploymentPostprocessing = 0;
		};
		B9EE03881D9D8444003E7610 /* Resources */ = {
			isa = PBXResourcesBuildPhase;
			buildActionMask = 2147483647;
			files = (
			);
			runOnlyForDeploymentPostprocessing = 0;
		};
		B9EE04981D9D9478003E7610 /* Resources */ = {
			isa = PBXResourcesBuildPhase;
			buildActionMask = 2147483647;
			files = (
			);
			runOnlyForDeploymentPostprocessing = 0;
		};
/* End PBXResourcesBuildPhase section */

/* Begin PBXSourcesBuildPhase section */
		B9EE03681D9D8429003E7610 /* Sources */ = {
			isa = PBXSourcesBuildPhase;
			buildActionMask = 2147483647;
			files = (
			);
			runOnlyForDeploymentPostprocessing = 0;
		};
		B9EE03781D9D843A003E7610 /* Sources */ = {
			isa = PBXSourcesBuildPhase;
			buildActionMask = 2147483647;
			files = (
			);
			runOnlyForDeploymentPostprocessing = 0;
		};
		B9EE03851D9D8444003E7610 /* Sources */ = {
			isa = PBXSourcesBuildPhase;
			buildActionMask = 2147483647;
			files = (
			);
			runOnlyForDeploymentPostprocessing = 0;
		};
		B9EE04951D9D9478003E7610 /* Sources */ = {
			isa = PBXSourcesBuildPhase;
			buildActionMask = 2147483647;
			files = (
			);
			runOnlyForDeploymentPostprocessing = 0;
		};
/* End PBXSourcesBuildPhase section */

/* Begin XCBuildConfiguration section */
		B9EE03731D9D8429003E7610 /* Debug */ = {
			isa = XCBuildConfiguration;
			buildSettings = {
				ALWAYS_SEARCH_USER_PATHS = NO;
				CLANG_ANALYZER_NONNULL = YES;
				CLANG_CXX_LANGUAGE_STANDARD = "gnu++0x";
				CLANG_CXX_LIBRARY = "libc++";
				CLANG_ENABLE_MODULES = YES;
				CLANG_ENABLE_OBJC_ARC = YES;
				CLANG_WARN_BLOCK_CAPTURE_AUTORELEASING = YES;
				CLANG_WARN_BOOL_CONVERSION = YES;
				CLANG_WARN_COMMA = YES;
				CLANG_WARN_CONSTANT_CONVERSION = YES;
				CLANG_WARN_DIRECT_OBJC_ISA_USAGE = YES_ERROR;
				CLANG_WARN_DOCUMENTATION_COMMENTS = YES;
				CLANG_WARN_EMPTY_BODY = YES;
				CLANG_WARN_ENUM_CONVERSION = YES;
				CLANG_WARN_INFINITE_RECURSION = YES;
				CLANG_WARN_INT_CONVERSION = YES;
				CLANG_WARN_NON_LITERAL_NULL_CONVERSION = YES;
				CLANG_WARN_OBJC_LITERAL_CONVERSION = YES;
				CLANG_WARN_OBJC_ROOT_CLASS = YES_ERROR;
				CLANG_WARN_RANGE_LOOP_ANALYSIS = YES;
				CLANG_WARN_STRICT_PROTOTYPES = YES;
				CLANG_WARN_SUSPICIOUS_MOVE = YES;
				CLANG_WARN_SUSPICIOUS_MOVES = YES;
				CLANG_WARN_UNREACHABLE_CODE = YES;
				CLANG_WARN__DUPLICATE_METHOD_MATCH = YES;
				"CODE_SIGN_IDENTITY[sdk=iphoneos*]" = "iPhone Developer";
				COPY_PHASE_STRIP = NO;
				CURRENT_PROJECT_VERSION = 1;
				DEBUG_INFORMATION_FORMAT = dwarf;
				ENABLE_STRICT_OBJC_MSGSEND = YES;
				ENABLE_TESTABILITY = YES;
				GCC_C_LANGUAGE_STANDARD = gnu99;
				GCC_DYNAMIC_NO_PIC = NO;
				GCC_NO_COMMON_BLOCKS = YES;
				GCC_OPTIMIZATION_LEVEL = 0;
				GCC_PREPROCESSOR_DEFINITIONS = (
					"DEBUG=1",
					"$(inherited)",
				);
				GCC_WARN_64_TO_32_BIT_CONVERSION = YES;
				GCC_WARN_ABOUT_RETURN_TYPE = YES_ERROR;
				GCC_WARN_UNDECLARED_SELECTOR = YES;
				GCC_WARN_UNINITIALIZED_AUTOS = YES_AGGRESSIVE;
				GCC_WARN_UNUSED_FUNCTION = YES;
				GCC_WARN_UNUSED_VARIABLE = YES;
				IPHONEOS_DEPLOYMENT_TARGET = 8.0;
				MTL_ENABLE_DEBUG_INFO = YES;
				ONLY_ACTIVE_ARCH = YES;
				SDKROOT = iphoneos;
				TARGETED_DEVICE_FAMILY = "1,2";
				VERSIONING_SYSTEM = "apple-generic";
				VERSION_INFO_PREFIX = "";
			};
			name = Debug;
		};
		B9EE03741D9D8429003E7610 /* Release */ = {
			isa = XCBuildConfiguration;
			buildSettings = {
				ALWAYS_SEARCH_USER_PATHS = NO;
				CLANG_ANALYZER_NONNULL = YES;
				CLANG_CXX_LANGUAGE_STANDARD = "gnu++0x";
				CLANG_CXX_LIBRARY = "libc++";
				CLANG_ENABLE_MODULES = YES;
				CLANG_ENABLE_OBJC_ARC = YES;
				CLANG_WARN_BLOCK_CAPTURE_AUTORELEASING = YES;
				CLANG_WARN_BOOL_CONVERSION = YES;
				CLANG_WARN_COMMA = YES;
				CLANG_WARN_CONSTANT_CONVERSION = YES;
				CLANG_WARN_DIRECT_OBJC_ISA_USAGE = YES_ERROR;
				CLANG_WARN_DOCUMENTATION_COMMENTS = YES;
				CLANG_WARN_EMPTY_BODY = YES;
				CLANG_WARN_ENUM_CONVERSION = YES;
				CLANG_WARN_INFINITE_RECURSION = YES;
				CLANG_WARN_INT_CONVERSION = YES;
				CLANG_WARN_NON_LITERAL_NULL_CONVERSION = YES;
				CLANG_WARN_OBJC_LITERAL_CONVERSION = YES;
				CLANG_WARN_OBJC_ROOT_CLASS = YES_ERROR;
				CLANG_WARN_RANGE_LOOP_ANALYSIS = YES;
				CLANG_WARN_STRICT_PROTOTYPES = YES;
				CLANG_WARN_SUSPICIOUS_MOVE = YES;
				CLANG_WARN_SUSPICIOUS_MOVES = YES;
				CLANG_WARN_UNREACHABLE_CODE = YES;
				CLANG_WARN__DUPLICATE_METHOD_MATCH = YES;
				"CODE_SIGN_IDENTITY[sdk=iphoneos*]" = "iPhone Developer";
				COPY_PHASE_STRIP = NO;
				CURRENT_PROJECT_VERSION = 1;
				DEBUG_INFORMATION_FORMAT = "dwarf-with-dsym";
				ENABLE_NS_ASSERTIONS = NO;
				ENABLE_STRICT_OBJC_MSGSEND = YES;
				GCC_C_LANGUAGE_STANDARD = gnu99;
				GCC_NO_COMMON_BLOCKS = YES;
				GCC_WARN_64_TO_32_BIT_CONVERSION = YES;
				GCC_WARN_ABOUT_RETURN_TYPE = YES_ERROR;
				GCC_WARN_UNDECLARED_SELECTOR = YES;
				GCC_WARN_UNINITIALIZED_AUTOS = YES_AGGRESSIVE;
				GCC_WARN_UNUSED_FUNCTION = YES;
				GCC_WARN_UNUSED_VARIABLE = YES;
				IPHONEOS_DEPLOYMENT_TARGET = 8.0;
				MTL_ENABLE_DEBUG_INFO = NO;
				SDKROOT = iphoneos;
				TARGETED_DEVICE_FAMILY = "1,2";
				VALIDATE_PRODUCT = YES;
				VERSIONING_SYSTEM = "apple-generic";
				VERSION_INFO_PREFIX = "";
			};
			name = Release;
		};
		B9EE03761D9D8429003E7610 /* Debug */ = {
			isa = XCBuildConfiguration;
			buildSettings = {
				CODE_SIGN_IDENTITY = "";
				DEFINES_MODULE = YES;
				DYLIB_COMPATIBILITY_VERSION = 1;
				DYLIB_CURRENT_VERSION = 1;
				DYLIB_INSTALL_NAME_BASE = "@rpath";
				INFOPLIST_FILE = GoogleMaps/Info.plist;
				INSTALL_PATH = "$(LOCAL_LIBRARY_DIR)/Frameworks";
				LD_RUNPATH_SEARCH_PATHS = "$(inherited) @executable_path/Frameworks @loader_path/Frameworks";
				MODULEMAP_FILE = GoogleMaps/Modules/module.modulemap;
				PRODUCT_BUNDLE_IDENTIFIER = com.google.GoogleMaps;
				PRODUCT_NAME = "$(TARGET_NAME)";
				SKIP_INSTALL = YES;
			};
			name = Debug;
		};
		B9EE03771D9D8429003E7610 /* Release */ = {
			isa = XCBuildConfiguration;
			buildSettings = {
				CODE_SIGN_IDENTITY = "";
				DEFINES_MODULE = YES;
				DYLIB_COMPATIBILITY_VERSION = 1;
				DYLIB_CURRENT_VERSION = 1;
				DYLIB_INSTALL_NAME_BASE = "@rpath";
				INFOPLIST_FILE = GoogleMaps/Info.plist;
				INSTALL_PATH = "$(LOCAL_LIBRARY_DIR)/Frameworks";
				LD_RUNPATH_SEARCH_PATHS = "$(inherited) @executable_path/Frameworks @loader_path/Frameworks";
				MODULEMAP_FILE = GoogleMaps/Modules/module.modulemap;
				PRODUCT_BUNDLE_IDENTIFIER = com.google.GoogleMaps;
				PRODUCT_NAME = "$(TARGET_NAME)";
				SKIP_INSTALL = YES;
			};
			name = Release;
		};
		B9EE03831D9D843B003E7610 /* Debug */ = {
			isa = XCBuildConfiguration;
			buildSettings = {
				CODE_SIGN_IDENTITY = "";
				DEFINES_MODULE = YES;
				DYLIB_COMPATIBILITY_VERSION = 1;
				DYLIB_CURRENT_VERSION = 1;
				DYLIB_INSTALL_NAME_BASE = "@rpath";
				INFOPLIST_FILE = GoogleMapsBase/Info.plist;
				INSTALL_PATH = "$(LOCAL_LIBRARY_DIR)/Frameworks";
				LD_RUNPATH_SEARCH_PATHS = "$(inherited) @executable_path/Frameworks @loader_path/Frameworks";
				MODULEMAP_FILE = GoogleMapsBase/Modules/module.modulemap;
				PRODUCT_BUNDLE_IDENTIFIER = com.google.GoogleMapsBase;
				PRODUCT_NAME = "$(TARGET_NAME)";
				SKIP_INSTALL = YES;
			};
			name = Debug;
		};
		B9EE03841D9D843B003E7610 /* Release */ = {
			isa = XCBuildConfiguration;
			buildSettings = {
				CODE_SIGN_IDENTITY = "";
				DEFINES_MODULE = YES;
				DYLIB_COMPATIBILITY_VERSION = 1;
				DYLIB_CURRENT_VERSION = 1;
				DYLIB_INSTALL_NAME_BASE = "@rpath";
				INFOPLIST_FILE = GoogleMapsBase/Info.plist;
				INSTALL_PATH = "$(LOCAL_LIBRARY_DIR)/Frameworks";
				LD_RUNPATH_SEARCH_PATHS = "$(inherited) @executable_path/Frameworks @loader_path/Frameworks";
				MODULEMAP_FILE = GoogleMapsBase/Modules/module.modulemap;
				PRODUCT_BUNDLE_IDENTIFIER = com.google.GoogleMapsBase;
				PRODUCT_NAME = "$(TARGET_NAME)";
				SKIP_INSTALL = YES;
			};
			name = Release;
		};
		B9EE03901D9D8444003E7610 /* Debug */ = {
			isa = XCBuildConfiguration;
			buildSettings = {
				CODE_SIGN_IDENTITY = "";
				DEFINES_MODULE = YES;
				DEVELOPMENT_TEAM = "";
				DYLIB_COMPATIBILITY_VERSION = 1;
				DYLIB_CURRENT_VERSION = 1;
				DYLIB_INSTALL_NAME_BASE = "@rpath";
				INFOPLIST_FILE = GoogleMapsCore/Info.plist;
				INSTALL_PATH = "$(LOCAL_LIBRARY_DIR)/Frameworks";
				LD_RUNPATH_SEARCH_PATHS = "$(inherited) @executable_path/Frameworks @loader_path/Frameworks";
				MODULEMAP_FILE = GoogleMapsCore/Modules/module.modulemap;
				PRODUCT_BUNDLE_IDENTIFIER = com.google.GoogleMapsCore;
				PRODUCT_NAME = "$(TARGET_NAME)";
				SKIP_INSTALL = YES;
			};
			name = Debug;
		};
		B9EE03911D9D8444003E7610 /* Release */ = {
			isa = XCBuildConfiguration;
			buildSettings = {
				CODE_SIGN_IDENTITY = "";
				DEFINES_MODULE = YES;
				DEVELOPMENT_TEAM = "";
				DYLIB_COMPATIBILITY_VERSION = 1;
				DYLIB_CURRENT_VERSION = 1;
				DYLIB_INSTALL_NAME_BASE = "@rpath";
				INFOPLIST_FILE = GoogleMapsCore/Info.plist;
				INSTALL_PATH = "$(LOCAL_LIBRARY_DIR)/Frameworks";
				LD_RUNPATH_SEARCH_PATHS = "$(inherited) @executable_path/Frameworks @loader_path/Frameworks";
				MODULEMAP_FILE = GoogleMapsCore/Modules/module.modulemap;
				PRODUCT_BUNDLE_IDENTIFIER = com.google.GoogleMapsCore;
				PRODUCT_NAME = "$(TARGET_NAME)";
				SKIP_INSTALL = YES;
			};
			name = Release;
		};
		B9EE04A01D9D9478003E7610 /* Debug */ = {
			isa = XCBuildConfiguration;
			buildSettings = {
				CODE_SIGN_IDENTITY = "";
				DEFINES_MODULE = YES;
				DYLIB_COMPATIBILITY_VERSION = 1;
				DYLIB_CURRENT_VERSION = 1;
				DYLIB_INSTALL_NAME_BASE = "@rpath";
				INFOPLIST_FILE = GoogleMapsM4B/Info.plist;
				INSTALL_PATH = "$(LOCAL_LIBRARY_DIR)/Frameworks";
				LD_RUNPATH_SEARCH_PATHS = "$(inherited) @executable_path/Frameworks @loader_path/Frameworks";
				MODULEMAP_FILE = GoogleMapsM4B/Modules/module.modulemap;
				PRODUCT_BUNDLE_IDENTIFIER = com.google.GoogleMapsM4B;
				PRODUCT_NAME = "$(TARGET_NAME)";
				SKIP_INSTALL = YES;
			};
			name = Debug;
		};
		B9EE04A11D9D9478003E7610 /* Release */ = {
			isa = XCBuildConfiguration;
			buildSettings = {
				CODE_SIGN_IDENTITY = "";
				DEFINES_MODULE = YES;
				DYLIB_COMPATIBILITY_VERSION = 1;
				DYLIB_CURRENT_VERSION = 1;
				DYLIB_INSTALL_NAME_BASE = "@rpath";
				INFOPLIST_FILE = GoogleMapsM4B/Info.plist;
				INSTALL_PATH = "$(LOCAL_LIBRARY_DIR)/Frameworks";
				LD_RUNPATH_SEARCH_PATHS = "$(inherited) @executable_path/Frameworks @loader_path/Frameworks";
				MODULEMAP_FILE = GoogleMapsM4B/Modules/module.modulemap;
				PRODUCT_BUNDLE_IDENTIFIER = com.google.GoogleMapsM4B;
				PRODUCT_NAME = "$(TARGET_NAME)";
				SKIP_INSTALL = YES;
			};
			name = Release;
		};
/* End XCBuildConfiguration section */

/* Begin XCConfigurationList section */
		B9EE03671D9D8429003E7610 /* Build configuration list for PBXProject "GoogleMaps" */ = {
			isa = XCConfigurationList;
			buildConfigurations = (
				B9EE03731D9D8429003E7610 /* Debug */,
				B9EE03741D9D8429003E7610 /* Release */,
			);
			defaultConfigurationIsVisible = 0;
			defaultConfigurationName = Release;
		};
		B9EE03751D9D8429003E7610 /* Build configuration list for PBXNativeTarget "GoogleMaps" */ = {
			isa = XCConfigurationList;
			buildConfigurations = (
				B9EE03761D9D8429003E7610 /* Debug */,
				B9EE03771D9D8429003E7610 /* Release */,
			);
			defaultConfigurationIsVisible = 0;
			defaultConfigurationName = Release;
		};
		B9EE03821D9D843B003E7610 /* Build configuration list for PBXNativeTarget "GoogleMapsBase" */ = {
			isa = XCConfigurationList;
			buildConfigurations = (
				B9EE03831D9D843B003E7610 /* Debug */,
				B9EE03841D9D843B003E7610 /* Release */,
			);
			defaultConfigurationIsVisible = 0;
			defaultConfigurationName = Release;
		};
		B9EE038F1D9D8444003E7610 /* Build configuration list for PBXNativeTarget "GoogleMapsCore" */ = {
			isa = XCConfigurationList;
			buildConfigurations = (
				B9EE03901D9D8444003E7610 /* Debug */,
				B9EE03911D9D8444003E7610 /* Release */,
			);
			defaultConfigurationIsVisible = 0;
			defaultConfigurationName = Release;
		};
		B9EE049F1D9D9478003E7610 /* Build configuration list for PBXNativeTarget "GoogleMapsM4B" */ = {
			isa = XCConfigurationList;
			buildConfigurations = (
				B9EE04A01D9D9478003E7610 /* Debug */,
				B9EE04A11D9D9478003E7610 /* Release */,
			);
			defaultConfigurationIsVisible = 0;
			defaultConfigurationName = Release;
		};
/* End XCConfigurationList section */
	};
	rootObject = B9EE03641D9D8429003E7610 /* Project object */;
}
